
Microsoft Visual Studio Solution File, Format Version 12.00
# Visual Studio Version 17
VisualStudioVersion = 17.7.34031.279
MinimumVisualStudioVersion = 10.0.40219.1
Project("{FAE04EC0-301F-11D3-BF4B-00C04F79EFBC}") = "CompanyAPIs", "CompanyAPIs\CompanyAPIs.csproj", "{483D5F1B-5473-4635-B0C2-8B8456B47664}"
EndProject
Global
	GlobalSection(SolutionConfigurationPlatforms) = preSolution
		Debug|Any CPU = Debug|Any CPU
		Release|Any CPU = Release|Any CPU
	EndGlobalSection
	GlobalSection(ProjectConfigurationPlatforms) = postSolution
		{483D5F1B-5473-4635-B0C2-8B8456B47664}.Debug|Any CPU.ActiveCfg = Debug|Any CPU
		{483D5F1B-5473-4635-B0C2-8B8456B47664}.Debug|Any CPU.Build.0 = Debug|Any CPU
		{483D5F1B-5473-4635-B0C2-8B8456B47664}.Release|Any CPU.ActiveCfg = Release|Any CPU
		{483D5F1B-5473-4635-B0C2-8B8456B47664}.Release|Any CPU.Build.0 = Release|Any CPU
	EndGlobalSection
	GlobalSection(SolutionProperties) = preSolution
		HideSolutionNode = FALSE
	EndGlobalSection
	GlobalSection(ExtensibilityGlobals) = postSolution
		SolutionGuid = {9F97DE08-7B5E-46CE-ABF0-333AE70EEE38}
	EndGlobalSection
EndGlobal
